
Microsoft Visual Studio Solution File, Format Version 12.00
# Visual Studio Version 16
VisualStudioVersion = 16.0.30804.86
MinimumVisualStudioVersion = 10.0.40219.1
Project("{8BC9CEB8-8B4A-11D0-8D11-00A0C91BC942}") = "SCAforCGT", "SCAforCGT\SCAforCGT.vcxproj", "{FDF705B3-86AC-4D0C-B718-22DC64583645}"
EndProject
Global
	GlobalSection(SolutionConfigurationPlatforms) = preSolution
		Debug|x64 = Debug|x64
		Debug|x86 = Debug|x86
		Release|x64 = Release|x64
		Release|x86 = Release|x86
	EndGlobalSection
	GlobalSection(ProjectConfigurationPlatforms) = postSolution
		{FDF705B3-86AC-4D0C-B718-22DC64583645}.Debug|x64.ActiveCfg = Debug|x64
		{FDF705B3-86AC-4D0C-B718-22DC64583645}.Debug|x64.Build.0 = Debug|x64
		{FDF705B3-86AC-4D0C-B718-22DC64583645}.Debug|x86.ActiveCfg = Debug|Win32
		{FDF705B3-86AC-4D0C-B718-22DC64583645}.Debug|x86.Build.0 = Debug|Win32
		{FDF705B3-86AC-4D0C-B718-22DC64583645}.Release|x64.ActiveCfg = Release|x64
		{FDF705B3-86AC-4D0C-B718-22DC64583645}.Release|x64.Build.0 = Release|x64
		{FDF705B3-86AC-4D0C-B718-22DC64583645}.Release|x86.ActiveCfg = Release|Win32
		{FDF705B3-86AC-4D0C-B718-22DC64583645}.Release|x86.Build.0 = Release|Win32
	EndGlobalSection
	GlobalSection(SolutionProperties) = preSolution
		HideSolutionNode = FALSE
	EndGlobalSection
	GlobalSection(ExtensibilityGlobals) = postSolution
		SolutionGuid = {EB07C15D-6FE6-4CD2-9FB9-469E6E9CF491}
	EndGlobalSection
EndGlobal
